
Microsoft Visual Studio Solution File, Format Version 12.00
# Visual Studio Version 17
VisualStudioVersion = 17.12.35527.113
MinimumVisualStudioVersion = 10.0.40219.1
Project("{8BC9CEB8-8B4A-11D0-8D11-00A0C91BC942}") = "D3D11Manager", "D3D11Manager\D3D11Manager.vcxproj", "{938A195F-84FD-4275-8A0D-0C6521C0BCDA}"
EndProject
Project("{8BC9CEB8-8B4A-11D0-8D11-00A0C91BC942}") = "Tester", "Tester\Tester.vcxproj", "{123F5B6C-B4B7-4158-ACFC-5456959B7945}"
EndProject
Project("{8BC9CEB8-8B4A-11D0-8D11-00A0C91BC942}") = "AppManager", "AppManager\AppManager.vcxproj", "{49FB6B6B-5E5A-4758-8141-3068B4FA9419}"
EndProject
Global
	GlobalSection(SolutionConfigurationPlatforms) = preSolution
		Debug|x64 = Debug|x64
		Debug|x86 = Debug|x86
		Release|x64 = Release|x64
		Release|x86 = Release|x86
	EndGlobalSection
	GlobalSection(ProjectConfigurationPlatforms) = postSolution
		{938A195F-84FD-4275-8A0D-0C6521C0BCDA}.Debug|x64.ActiveCfg = Debug|x64
		{938A195F-84FD-4275-8A0D-0C6521C0BCDA}.Debug|x64.Build.0 = Debug|x64
		{938A195F-84FD-4275-8A0D-0C6521C0BCDA}.Debug|x86.ActiveCfg = Debug|Win32
		{938A195F-84FD-4275-8A0D-0C6521C0BCDA}.Debug|x86.Build.0 = Debug|Win32
		{938A195F-84FD-4275-8A0D-0C6521C0BCDA}.Release|x64.ActiveCfg = Release|x64
		{938A195F-84FD-4275-8A0D-0C6521C0BCDA}.Release|x64.Build.0 = Release|x64
		{938A195F-84FD-4275-8A0D-0C6521C0BCDA}.Release|x86.ActiveCfg = Release|Win32
		{938A195F-84FD-4275-8A0D-0C6521C0BCDA}.Release|x86.Build.0 = Release|Win32
		{123F5B6C-B4B7-4158-ACFC-5456959B7945}.Debug|x64.ActiveCfg = Debug|x64
		{123F5B6C-B4B7-4158-ACFC-5456959B7945}.Debug|x64.Build.0 = Debug|x64
		{123F5B6C-B4B7-4158-ACFC-5456959B7945}.Debug|x86.ActiveCfg = Debug|Win32
		{123F5B6C-B4B7-4158-ACFC-5456959B7945}.Debug|x86.Build.0 = Debug|Win32
		{123F5B6C-B4B7-4158-ACFC-5456959B7945}.Release|x64.ActiveCfg = Release|x64
		{123F5B6C-B4B7-4158-ACFC-5456959B7945}.Release|x64.Build.0 = Release|x64
		{123F5B6C-B4B7-4158-ACFC-5456959B7945}.Release|x86.ActiveCfg = Release|Win32
		{123F5B6C-B4B7-4158-ACFC-5456959B7945}.Release|x86.Build.0 = Release|Win32
		{49FB6B6B-5E5A-4758-8141-3068B4FA9419}.Debug|x64.ActiveCfg = Debug|x64
		{49FB6B6B-5E5A-4758-8141-3068B4FA9419}.Debug|x64.Build.0 = Debug|x64
		{49FB6B6B-5E5A-4758-8141-3068B4FA9419}.Debug|x86.ActiveCfg = Debug|Win32
		{49FB6B6B-5E5A-4758-8141-3068B4FA9419}.Debug|x86.Build.0 = Debug|Win32
		{49FB6B6B-5E5A-4758-8141-3068B4FA9419}.Release|x64.ActiveCfg = Release|x64
		{49FB6B6B-5E5A-4758-8141-3068B4FA9419}.Release|x64.Build.0 = Release|x64
		{49FB6B6B-5E5A-4758-8141-3068B4FA9419}.Release|x86.ActiveCfg = Release|Win32
		{49FB6B6B-5E5A-4758-8141-3068B4FA9419}.Release|x86.Build.0 = Release|Win32
	EndGlobalSection
	GlobalSection(SolutionProperties) = preSolution
		HideSolutionNode = FALSE
	EndGlobalSection
EndGlobal
