<?xml version="1.0" encoding="utf-8"?>
<Project ToolsVersion="4.0" xmlns="http://schemas.microsoft.com/developer/msbuild/2003">
  <ItemGroup>
    <Filter Include="소스 파일">
      <UniqueIdentifier>{4FC737F1-C7A5-4376-A066-2A32D752A2FF}</UniqueIdentifier>
      <Extensions>cpp;c;cc;cxx;c++;cppm;ixx;def;odl;idl;hpj;bat;asm;asmx</Extensions>
    </Filter>
    <Filter Include="헤더 파일">
      <UniqueIdentifier>{93995380-89BD-4b04-88EB-625FBE52EBFB}</UniqueIdentifier>
      <Extensions>h;hh;hpp;hxx;h++;hm;inl;inc;ipp;xsd</Extensions>
    </Filter>
    <Filter Include="리소스 파일">
      <UniqueIdentifier>{67DA6AB6-F800-4c08-8B7A-83BB121AAD01}</UniqueIdentifier>
      <Extensions>rc;ico;cur;bmp;dlg;rc2;rct;bin;rgs;gif;jpg;jpeg;jpe;resx;tiff;tif;png;wav;mfcribbon-ms</Extensions>
    </Filter>
    <Filter Include="소스 파일\DeviceContext">
      <UniqueIdentifier>{4f9399c1-7e2a-4d07-be97-0cc95e217b17}</UniqueIdentifier>
    </Filter>
    <Filter Include="헤더 파일\DeviceContext">
      <UniqueIdentifier>{1f017587-3395-4003-9ac2-ac88595e6a9a}</UniqueIdentifier>
    </Filter>
    <Filter Include="헤더 파일\Buffer">
      <UniqueIdentifier>{fb2d4012-5779-40c1-a8ed-c7e180eab5b7}</UniqueIdentifier>
    </Filter>
    <Filter Include="소스 파일\Buffer">
      <UniqueIdentifier>{0c2cfc6d-4522-4d4f-9e97-0fdf13f8b80c}</UniqueIdentifier>
    </Filter>
    <Filter Include="헤더 파일\Texture">
      <UniqueIdentifier>{cd774334-1060-46ee-b44a-b8b09d163f20}</UniqueIdentifier>
    </Filter>
    <Filter Include="소스 파일\Texture">
      <UniqueIdentifier>{791ea405-9287-43ef-b658-fc63b14b4f58}</UniqueIdentifier>
    </Filter>
    <Filter Include="소스 파일\Shaders">
      <UniqueIdentifier>{e4514bfb-71bb-4a41-8b1d-17abec58045a}</UniqueIdentifier>
    </Filter>
    <Filter Include="헤더 파일\Shader">
      <UniqueIdentifier>{afa11b0b-2232-46d4-b445-f57701bafcf6}</UniqueIdentifier>
    </Filter>
    <Filter Include="소스 파일\PSO">
      <UniqueIdentifier>{14919e63-e99f-4672-ba79-815f79f19bfe}</UniqueIdentifier>
    </Filter>
    <Filter Include="헤더 파일\PSO">
      <UniqueIdentifier>{bba38b5d-a93f-4b08-aa15-d254f3e87baf}</UniqueIdentifier>
    </Filter>
  </ItemGroup>
  <ItemGroup>
    <ClInclude Include="GEngine.h">
      <Filter>헤더 파일</Filter>
    </ClInclude>
    <ClInclude Include="D3D11DllHelper.h">
      <Filter>헤더 파일</Filter>
    </ClInclude>
    <ClInclude Include="DeferredContext.h">
      <Filter>헤더 파일\DeviceContext</Filter>
    </ClInclude>
    <ClInclude Include="ABuffer.h">
      <Filter>헤더 파일\Buffer</Filter>
    </ClInclude>
    <ClInclude Include="AUploadableBuffer.h">
      <Filter>헤더 파일\Buffer</Filter>
    </ClInclude>
    <ClInclude Include="ConstantBuffer.h">
      <Filter>헤더 파일\Buffer</Filter>
    </ClInclude>
    <ClInclude Include="DynamicBuffer.h">
      <Filter>헤더 파일\Buffer</Filter>
    </ClInclude>
    <ClInclude Include="StructuredBuffer.h">
      <Filter>헤더 파일\Buffer</Filter>
    </ClInclude>
    <ClInclude Include="TextureUtilities.h">
      <Filter>헤더 파일\Texture</Filter>
    </ClInclude>
    <ClInclude Include="AShader.h">
      <Filter>헤더 파일\Shader</Filter>
    </ClInclude>
    <ClInclude Include="ComputeShader.h">
      <Filter>헤더 파일\Shader</Filter>
    </ClInclude>
    <ClInclude Include="DomainShader.h">
      <Filter>헤더 파일\Shader</Filter>
    </ClInclude>
    <ClInclude Include="GeometryShader.h">
      <Filter>헤더 파일\Shader</Filter>
    </ClInclude>
    <ClInclude Include="HullShader.h">
      <Filter>헤더 파일\Shader</Filter>
    </ClInclude>
    <ClInclude Include="PixelShader.h">
      <Filter>헤더 파일\Shader</Filter>
    </ClInclude>
    <ClInclude Include="VertexShader.h">
      <Filter>헤더 파일\Shader</Filter>
    </ClInclude>
    <ClInclude Include="AppendBuffer.h">
      <Filter>헤더 파일\Buffer</Filter>
    </ClInclude>
    <ClInclude Include="GraphicsPSOObject.h">
      <Filter>헤더 파일\PSO</Filter>
    </ClInclude>
    <ClInclude Include="CoputePSOObject.h">
      <Filter>헤더 파일\PSO</Filter>
    </ClInclude>
    <ClInclude Include="BlendState.h">
      <Filter>헤더 파일\PSO</Filter>
    </ClInclude>
    <ClInclude Include="DepthStencilState.h">
      <Filter>헤더 파일\PSO</Filter>
    </ClInclude>
    <ClInclude Include="RasterizerState.h">
      <Filter>헤더 파일\PSO</Filter>
    </ClInclude>
    <ClInclude Include="SamplerState.h">
      <Filter>헤더 파일\PSO</Filter>
    </ClInclude>
    <ClInclude Include="IndirectBuffer.h">
      <Filter>헤더 파일\Buffer</Filter>
    </ClInclude>
    <ClInclude Include="BufferMacroUtilities.h">
      <Filter>헤더 파일\Buffer</Filter>
    </ClInclude>
  </ItemGroup>
  <ItemGroup>
    <ClCompile Include="dllmain.cpp">
      <Filter>소스 파일</Filter>
    </ClCompile>
    <ClCompile Include="GEngine.cpp">
      <Filter>소스 파일</Filter>
    </ClCompile>
    <ClCompile Include="DeferredContext.cpp">
      <Filter>소스 파일\DeviceContext</Filter>
    </ClCompile>
    <ClCompile Include="ABuffer.cpp">
      <Filter>소스 파일\Buffer</Filter>
    </ClCompile>
    <ClCompile Include="AUploadableBuffer.cpp">
      <Filter>소스 파일\Buffer</Filter>
    </ClCompile>
    <ClCompile Include="ConstantBuffer.cpp">
      <Filter>소스 파일\Buffer</Filter>
    </ClCompile>
    <ClCompile Include="DynamicBuffer.cpp">
      <Filter>소스 파일\Buffer</Filter>
    </ClCompile>
    <ClCompile Include="StructuredBuffer.cpp">
      <Filter>소스 파일\Buffer</Filter>
    </ClCompile>
    <ClCompile Include="TextureUtilities.cpp">
      <Filter>소스 파일\Texture</Filter>
    </ClCompile>
    <ClCompile Include="AShader.cpp">
      <Filter>소스 파일\Shaders</Filter>
    </ClCompile>
    <ClCompile Include="DomainShader.cpp">
      <Filter>소스 파일\Shaders</Filter>
    </ClCompile>
    <ClCompile Include="GeometryShader.cpp">
      <Filter>소스 파일\Shaders</Filter>
    </ClCompile>
    <ClCompile Include="HullShader.cpp">
      <Filter>소스 파일\Shaders</Filter>
    </ClCompile>
    <ClCompile Include="PixelShader.cpp">
      <Filter>소스 파일\Shaders</Filter>
    </ClCompile>
    <ClCompile Include="VertexShader.cpp">
      <Filter>소스 파일\Shaders</Filter>
    </ClCompile>
    <ClCompile Include="ComputeShader.cpp">
      <Filter>소스 파일\Shaders</Filter>
    </ClCompile>
    <ClCompile Include="AppendBuffer.cpp">
      <Filter>소스 파일\Buffer</Filter>
    </ClCompile>
    <ClCompile Include="CoputePSOObject.cpp">
      <Filter>소스 파일\PSO</Filter>
    </ClCompile>
    <ClCompile Include="GraphicsPSOObject.cpp">
      <Filter>소스 파일\PSO</Filter>
    </ClCompile>
    <ClCompile Include="DepthStencilState.cpp">
      <Filter>소스 파일\PSO</Filter>
    </ClCompile>
    <ClCompile Include="BlendState.cpp">
      <Filter>소스 파일\PSO</Filter>
    </ClCompile>
    <ClCompile Include="RasterizerState.cpp">
      <Filter>소스 파일\PSO</Filter>
    </ClCompile>
    <ClCompile Include="SamplerState.cpp">
      <Filter>소스 파일\PSO</Filter>
    </ClCompile>
    <ClCompile Include="IndirectBuffer.cpp">
      <Filter>소스 파일\Buffer</Filter>
    </ClCompile>
  </ItemGroup>
</Project>